
Microsoft Visual Studio Solution File, Format Version 12.00
# Visual Studio 15
VisualStudioVersion = 15.0.28010.2026
MinimumVisualStudioVersion = 10.0.40219.1
Project("{9A19103F-16F7-4668-BE54-9A1E7A4F7556}") = "tklib", "tklib\tklib.csproj", "{F8AD7AC3-E327-4713-B6F3-84E68A67060B}"
EndProject
Project("{FAE04EC0-301F-11D3-BF4B-00C04F79EFBC}") = "TkMobile.Android", "TkMobile\TkMobile.Android\TkMobile.Android.csproj", "{99F45011-E966-4782-A1E3-4D5897823250}"
EndProject
Project("{FAE04EC0-301F-11D3-BF4B-00C04F79EFBC}") = "TkMobile.iOS", "TkMobile\TkMobile.iOS\TkMobile.iOS.csproj", "{6143C859-B021-4ECD-A0CD-28752607AF7D}"
EndProject
Project("{FAE04EC0-301F-11D3-BF4B-00C04F79EFBC}") = "TkMobile.UWP", "TkMobile\TkMobile.UWP\TkMobile.UWP.csproj", "{25E0D826-58FC-4BEE-8143-B84563F1F6C2}"
EndProject
Project("{9A19103F-16F7-4668-BE54-9A1E7A4F7556}") = "TkMobile", "TkMobile\TkMobile\TkMobile.csproj", "{30E35E67-DB7A-4D81-84A0-6FF95325D3F7}"
EndProject
Project("{FAE04EC0-301F-11D3-BF4B-00C04F79EFBC}") = "TkLib.Dal", "TkLib.Dal\TkLib.Dal.csproj", "{1D8B4D66-5E93-4069-9D8C-21CDDA3AE168}"
EndProject
Project("{2150E333-8FDC-42A3-9474-1A3956D46DE8}") = "Testing", "Testing", "{DE90BFBD-D261-4178-A486-2AAAAE779D8B}"
EndProject
Project("{FAE04EC0-301F-11D3-BF4B-00C04F79EFBC}") = "TkLib.BusinessLayer", "TkLib.BusinessLayer\TkLib.BusinessLayer.csproj", "{C9039A57-661F-430C-8F6D-2156F6906ADB}"
EndProject
Project("{FAE04EC0-301F-11D3-BF4B-00C04F79EFBC}") = "TkLib.BusinessLayer.Testing", "TkLib.BusinessLayer.Testing\TkLib.BusinessLayer.Testing.csproj", "{6ADAA382-155D-4F74-98AA-1E0B9BE2A027}"
EndProject
Global
	GlobalSection(SolutionConfigurationPlatforms) = preSolution
		Ad-Hoc|Any CPU = Ad-Hoc|Any CPU
		Ad-Hoc|ARM = Ad-Hoc|ARM
		Ad-Hoc|iPhone = Ad-Hoc|iPhone
		Ad-Hoc|iPhoneSimulator = Ad-Hoc|iPhoneSimulator
		Ad-Hoc|x64 = Ad-Hoc|x64
		Ad-Hoc|x86 = Ad-Hoc|x86
		AppStore|Any CPU = AppStore|Any CPU
		AppStore|ARM = AppStore|ARM
		AppStore|iPhone = AppStore|iPhone
		AppStore|iPhoneSimulator = AppStore|iPhoneSimulator
		AppStore|x64 = AppStore|x64
		AppStore|x86 = AppStore|x86
		Debug|Any CPU = Debug|Any CPU
		Debug|ARM = Debug|ARM
		Debug|iPhone = Debug|iPhone
		Debug|iPhoneSimulator = Debug|iPhoneSimulator
		Debug|x64 = Debug|x64
		Debug|x86 = Debug|x86
		Release|Any CPU = Release|Any CPU
		Release|ARM = Release|ARM
		Release|iPhone = Release|iPhone
		Release|iPhoneSimulator = Release|iPhoneSimulator
		Release|x64 = Release|x64
		Release|x86 = Release|x86
	EndGlobalSection
	GlobalSection(ProjectConfigurationPlatforms) = postSolution
		{F8AD7AC3-E327-4713-B6F3-84E68A67060B}.Ad-Hoc|Any CPU.ActiveCfg = Debug|Any CPU
		{F8AD7AC3-E327-4713-B6F3-84E68A67060B}.Ad-Hoc|Any CPU.Build.0 = Debug|Any CPU
		{F8AD7AC3-E327-4713-B6F3-84E68A67060B}.Ad-Hoc|ARM.ActiveCfg = Debug|Any CPU
		{F8AD7AC3-E327-4713-B6F3-84E68A67060B}.Ad-Hoc|ARM.Build.0 = Debug|Any CPU
		{F8AD7AC3-E327-4713-B6F3-84E68A67060B}.Ad-Hoc|iPhone.ActiveCfg = Debug|Any CPU
		{F8AD7AC3-E327-4713-B6F3-84E68A67060B}.Ad-Hoc|iPhone.Build.0 = Debug|Any CPU
		{F8AD7AC3-E327-4713-B6F3-84E68A67060B}.Ad-Hoc|iPhoneSimulator.ActiveCfg = Debug|Any CPU
		{F8AD7AC3-E327-4713-B6F3-84E68A67060B}.Ad-Hoc|iPhoneSimulator.Build.0 = Debug|Any CPU
		{F8AD7AC3-E327-4713-B6F3-84E68A67060B}.Ad-Hoc|x64.ActiveCfg = Debug|Any CPU
		{F8AD7AC3-E327-4713-B6F3-84E68A67060B}.Ad-Hoc|x64.Build.0 = Debug|Any CPU
		{F8AD7AC3-E327-4713-B6F3-84E68A67060B}.Ad-Hoc|x86.ActiveCfg = Debug|Any CPU
		{F8AD7AC3-E327-4713-B6F3-84E68A67060B}.Ad-Hoc|x86.Build.0 = Debug|Any CPU
		{F8AD7AC3-E327-4713-B6F3-84E68A67060B}.AppStore|Any CPU.ActiveCfg = Debug|Any CPU
		{F8AD7AC3-E327-4713-B6F3-84E68A67060B}.AppStore|Any CPU.Build.0 = Debug|Any CPU
		{F8AD7AC3-E327-4713-B6F3-84E68A67060B}.AppStore|ARM.ActiveCfg = Debug|Any CPU
		{F8AD7AC3-E327-4713-B6F3-84E68A67060B}.AppStore|ARM.Build.0 = Debug|Any CPU
		{F8AD7AC3-E327-4713-B6F3-84E68A67060B}.AppStore|iPhone.ActiveCfg = Debug|Any CPU
		{F8AD7AC3-E327-4713-B6F3-84E68A67060B}.AppStore|iPhone.Build.0 = Debug|Any CPU
		{F8AD7AC3-E327-4713-B6F3-84E68A67060B}.AppStore|iPhoneSimulator.ActiveCfg = Debug|Any CPU
		{F8AD7AC3-E327-4713-B6F3-84E68A67060B}.AppStore|iPhoneSimulator.Build.0 = Debug|Any CPU
		{F8AD7AC3-E327-4713-B6F3-84E68A67060B}.AppStore|x64.ActiveCfg = Debug|Any CPU
		{F8AD7AC3-E327-4713-B6F3-84E68A67060B}.AppStore|x64.Build.0 = Debug|Any CPU
		{F8AD7AC3-E327-4713-B6F3-84E68A67060B}.AppStore|x86.ActiveCfg = Debug|Any CPU
		{F8AD7AC3-E327-4713-B6F3-84E68A67060B}.AppStore|x86.Build.0 = Debug|Any CPU
		{F8AD7AC3-E327-4713-B6F3-84E68A67060B}.Debug|Any CPU.ActiveCfg = Debug|Any CPU
		{F8AD7AC3-E327-4713-B6F3-84E68A67060B}.Debug|Any CPU.Build.0 = Debug|Any CPU
		{F8AD7AC3-E327-4713-B6F3-84E68A67060B}.Debug|ARM.ActiveCfg = Debug|Any CPU
		{F8AD7AC3-E327-4713-B6F3-84E68A67060B}.Debug|ARM.Build.0 = Debug|Any CPU
		{F8AD7AC3-E327-4713-B6F3-84E68A67060B}.Debug|iPhone.ActiveCfg = Debug|Any CPU
		{F8AD7AC3-E327-4713-B6F3-84E68A67060B}.Debug|iPhone.Build.0 = Debug|Any CPU
		{F8AD7AC3-E327-4713-B6F3-84E68A67060B}.Debug|iPhoneSimulator.ActiveCfg = Debug|Any CPU
		{F8AD7AC3-E327-4713-B6F3-84E68A67060B}.Debug|iPhoneSimulator.Build.0 = Debug|Any CPU
		{F8AD7AC3-E327-4713-B6F3-84E68A67060B}.Debug|x64.ActiveCfg = Debug|Any CPU
		{F8AD7AC3-E327-4713-B6F3-84E68A67060B}.Debug|x64.Build.0 = Debug|Any CPU
		{F8AD7AC3-E327-4713-B6F3-84E68A67060B}.Debug|x86.ActiveCfg = Debug|Any CPU
		{F8AD7AC3-E327-4713-B6F3-84E68A67060B}.Debug|x86.Build.0 = Debug|Any CPU
		{F8AD7AC3-E327-4713-B6F3-84E68A67060B}.Release|Any CPU.ActiveCfg = Release|Any CPU
		{F8AD7AC3-E327-4713-B6F3-84E68A67060B}.Release|Any CPU.Build.0 = Release|Any CPU
		{F8AD7AC3-E327-4713-B6F3-84E68A67060B}.Release|ARM.ActiveCfg = Release|Any CPU
		{F8AD7AC3-E327-4713-B6F3-84E68A67060B}.Release|ARM.Build.0 = Release|Any CPU
		{F8AD7AC3-E327-4713-B6F3-84E68A67060B}.Release|iPhone.ActiveCfg = Release|Any CPU
		{F8AD7AC3-E327-4713-B6F3-84E68A67060B}.Release|iPhone.Build.0 = Release|Any CPU
		{F8AD7AC3-E327-4713-B6F3-84E68A67060B}.Release|iPhoneSimulator.ActiveCfg = Release|Any CPU
		{F8AD7AC3-E327-4713-B6F3-84E68A67060B}.Release|iPhoneSimulator.Build.0 = Release|Any CPU
		{F8AD7AC3-E327-4713-B6F3-84E68A67060B}.Release|x64.ActiveCfg = Release|Any CPU
		{F8AD7AC3-E327-4713-B6F3-84E68A67060B}.Release|x64.Build.0 = Release|Any CPU
		{F8AD7AC3-E327-4713-B6F3-84E68A67060B}.Release|x86.ActiveCfg = Release|Any CPU
		{F8AD7AC3-E327-4713-B6F3-84E68A67060B}.Release|x86.Build.0 = Release|Any CPU
		{99F45011-E966-4782-A1E3-4D5897823250}.Ad-Hoc|Any CPU.ActiveCfg = Release|Any CPU
		{99F45011-E966-4782-A1E3-4D5897823250}.Ad-Hoc|Any CPU.Build.0 = Release|Any CPU
		{99F45011-E966-4782-A1E3-4D5897823250}.Ad-Hoc|Any CPU.Deploy.0 = Release|Any CPU
		{99F45011-E966-4782-A1E3-4D5897823250}.Ad-Hoc|ARM.ActiveCfg = Release|Any CPU
		{99F45011-E966-4782-A1E3-4D5897823250}.Ad-Hoc|ARM.Build.0 = Release|Any CPU
		{99F45011-E966-4782-A1E3-4D5897823250}.Ad-Hoc|ARM.Deploy.0 = Release|Any CPU
		{99F45011-E966-4782-A1E3-4D5897823250}.Ad-Hoc|iPhone.ActiveCfg = Release|Any CPU
		{99F45011-E966-4782-A1E3-4D5897823250}.Ad-Hoc|iPhone.Build.0 = Release|Any CPU
		{99F45011-E966-4782-A1E3-4D5897823250}.Ad-Hoc|iPhone.Deploy.0 = Release|Any CPU
		{99F45011-E966-4782-A1E3-4D5897823250}.Ad-Hoc|iPhoneSimulator.ActiveCfg = Release|Any CPU
		{99F45011-E966-4782-A1E3-4D5897823250}.Ad-Hoc|iPhoneSimulator.Build.0 = Release|Any CPU
		{99F45011-E966-4782-A1E3-4D5897823250}.Ad-Hoc|iPhoneSimulator.Deploy.0 = Release|Any CPU
		{99F45011-E966-4782-A1E3-4D5897823250}.Ad-Hoc|x64.ActiveCfg = Release|Any CPU
		{99F45011-E966-4782-A1E3-4D5897823250}.Ad-Hoc|x64.Build.0 = Release|Any CPU
		{99F45011-E966-4782-A1E3-4D5897823250}.Ad-Hoc|x64.Deploy.0 = Release|Any CPU
		{99F45011-E966-4782-A1E3-4D5897823250}.Ad-Hoc|x86.ActiveCfg = Release|Any CPU
		{99F45011-E966-4782-A1E3-4D5897823250}.Ad-Hoc|x86.Build.0 = Release|Any CPU
		{99F45011-E966-4782-A1E3-4D5897823250}.Ad-Hoc|x86.Deploy.0 = Release|Any CPU
		{99F45011-E966-4782-A1E3-4D5897823250}.AppStore|Any CPU.ActiveCfg = Release|Any CPU
		{99F45011-E966-4782-A1E3-4D5897823250}.AppStore|Any CPU.Build.0 = Release|Any CPU
		{99F45011-E966-4782-A1E3-4D5897823250}.AppStore|Any CPU.Deploy.0 = Release|Any CPU
		{99F45011-E966-4782-A1E3-4D5897823250}.AppStore|ARM.ActiveCfg = Release|Any CPU
		{99F45011-E966-4782-A1E3-4D5897823250}.AppStore|ARM.Build.0 = Release|Any CPU
		{99F45011-E966-4782-A1E3-4D5897823250}.AppStore|ARM.Deploy.0 = Release|Any CPU
		{99F45011-E966-4782-A1E3-4D5897823250}.AppStore|iPhone.ActiveCfg = Release|Any CPU
		{99F45011-E966-4782-A1E3-4D5897823250}.AppStore|iPhone.Build.0 = Release|Any CPU
		{99F45011-E966-4782-A1E3-4D5897823250}.AppStore|iPhone.Deploy.0 = Release|Any CPU
		{99F45011-E966-4782-A1E3-4D5897823250}.AppStore|iPhoneSimulator.ActiveCfg = Release|Any CPU
		{99F45011-E966-4782-A1E3-4D5897823250}.AppStore|iPhoneSimulator.Build.0 = Release|Any CPU
		{99F45011-E966-4782-A1E3-4D5897823250}.AppStore|iPhoneSimulator.Deploy.0 = Release|Any CPU
		{99F45011-E966-4782-A1E3-4D5897823250}.AppStore|x64.ActiveCfg = Release|Any CPU
		{99F45011-E966-4782-A1E3-4D5897823250}.AppStore|x64.Build.0 = Release|Any CPU
		{99F45011-E966-4782-A1E3-4D5897823250}.AppStore|x64.Deploy.0 = Release|Any CPU
		{99F45011-E966-4782-A1E3-4D5897823250}.AppStore|x86.ActiveCfg = Release|Any CPU
		{99F45011-E966-4782-A1E3-4D5897823250}.AppStore|x86.Build.0 = Release|Any CPU
		{99F45011-E966-4782-A1E3-4D5897823250}.AppStore|x86.Deploy.0 = Release|Any CPU
		{99F45011-E966-4782-A1E3-4D5897823250}.Debug|Any CPU.ActiveCfg = Debug|Any CPU
		{99F45011-E966-4782-A1E3-4D5897823250}.Debug|Any CPU.Build.0 = Debug|Any CPU
		{99F45011-E966-4782-A1E3-4D5897823250}.Debug|Any CPU.Deploy.0 = Debug|Any CPU
		{99F45011-E966-4782-A1E3-4D5897823250}.Debug|ARM.ActiveCfg = Debug|Any CPU
		{99F45011-E966-4782-A1E3-4D5897823250}.Debug|ARM.Build.0 = Debug|Any CPU
		{99F45011-E966-4782-A1E3-4D5897823250}.Debug|ARM.Deploy.0 = Debug|Any CPU
		{99F45011-E966-4782-A1E3-4D5897823250}.Debug|iPhone.ActiveCfg = Debug|Any CPU
		{99F45011-E966-4782-A1E3-4D5897823250}.Debug|iPhone.Build.0 = Debug|Any CPU
		{99F45011-E966-4782-A1E3-4D5897823250}.Debug|iPhone.Deploy.0 = Debug|Any CPU
		{99F45011-E966-4782-A1E3-4D5897823250}.Debug|iPhoneSimulator.ActiveCfg = Debug|Any CPU
		{99F45011-E966-4782-A1E3-4D5897823250}.Debug|iPhoneSimulator.Build.0 = Debug|Any CPU
		{99F45011-E966-4782-A1E3-4D5897823250}.Debug|iPhoneSimulator.Deploy.0 = Debug|Any CPU
		{99F45011-E966-4782-A1E3-4D5897823250}.Debug|x64.ActiveCfg = Debug|Any CPU
		{99F45011-E966-4782-A1E3-4D5897823250}.Debug|x64.Build.0 = Debug|Any CPU
		{99F45011-E966-4782-A1E3-4D5897823250}.Debug|x64.Deploy.0 = Debug|Any CPU
		{99F45011-E966-4782-A1E3-4D5897823250}.Debug|x86.ActiveCfg = Debug|Any CPU
		{99F45011-E966-4782-A1E3-4D5897823250}.Debug|x86.Build.0 = Debug|Any CPU
		{99F45011-E966-4782-A1E3-4D5897823250}.Debug|x86.Deploy.0 = Debug|Any CPU
		{99F45011-E966-4782-A1E3-4D5897823250}.Release|Any CPU.ActiveCfg = Release|Any CPU
		{99F45011-E966-4782-A1E3-4D5897823250}.Release|Any CPU.Build.0 = Release|Any CPU
		{99F45011-E966-4782-A1E3-4D5897823250}.Release|Any CPU.Deploy.0 = Release|Any CPU
		{99F45011-E966-4782-A1E3-4D5897823250}.Release|ARM.ActiveCfg = Release|Any CPU
		{99F45011-E966-4782-A1E3-4D5897823250}.Release|ARM.Build.0 = Release|Any CPU
		{99F45011-E966-4782-A1E3-4D5897823250}.Release|ARM.Deploy.0 = Release|Any CPU
		{99F45011-E966-4782-A1E3-4D5897823250}.Release|iPhone.ActiveCfg = Release|Any CPU
		{99F45011-E966-4782-A1E3-4D5897823250}.Release|iPhone.Build.0 = Release|Any CPU
		{99F45011-E966-4782-A1E3-4D5897823250}.Release|iPhone.Deploy.0 = Release|Any CPU
		{99F45011-E966-4782-A1E3-4D5897823250}.Release|iPhoneSimulator.ActiveCfg = Release|Any CPU
		{99F45011-E966-4782-A1E3-4D5897823250}.Release|iPhoneSimulator.Build.0 = Release|Any CPU
		{99F45011-E966-4782-A1E3-4D5897823250}.Release|iPhoneSimulator.Deploy.0 = Release|Any CPU
		{99F45011-E966-4782-A1E3-4D5897823250}.Release|x64.ActiveCfg = Release|Any CPU
		{99F45011-E966-4782-A1E3-4D5897823250}.Release|x64.Build.0 = Release|Any CPU
		{99F45011-E966-4782-A1E3-4D5897823250}.Release|x64.Deploy.0 = Release|Any CPU
		{99F45011-E966-4782-A1E3-4D5897823250}.Release|x86.ActiveCfg = Release|Any CPU
		{99F45011-E966-4782-A1E3-4D5897823250}.Release|x86.Build.0 = Release|Any CPU
		{99F45011-E966-4782-A1E3-4D5897823250}.Release|x86.Deploy.0 = Release|Any CPU
		{6143C859-B021-4ECD-A0CD-28752607AF7D}.Ad-Hoc|Any CPU.ActiveCfg = Ad-Hoc|iPhone
		{6143C859-B021-4ECD-A0CD-28752607AF7D}.Ad-Hoc|ARM.ActiveCfg = Ad-Hoc|iPhone
		{6143C859-B021-4ECD-A0CD-28752607AF7D}.Ad-Hoc|iPhone.ActiveCfg = Ad-Hoc|iPhone
		{6143C859-B021-4ECD-A0CD-28752607AF7D}.Ad-Hoc|iPhone.Build.0 = Ad-Hoc|iPhone
		{6143C859-B021-4ECD-A0CD-28752607AF7D}.Ad-Hoc|iPhoneSimulator.ActiveCfg = Ad-Hoc|iPhoneSimulator
		{6143C859-B021-4ECD-A0CD-28752607AF7D}.Ad-Hoc|iPhoneSimulator.Build.0 = Ad-Hoc|iPhoneSimulator
		{6143C859-B021-4ECD-A0CD-28752607AF7D}.Ad-Hoc|x64.ActiveCfg = Ad-Hoc|iPhone
		{6143C859-B021-4ECD-A0CD-28752607AF7D}.Ad-Hoc|x86.ActiveCfg = Ad-Hoc|iPhone
		{6143C859-B021-4ECD-A0CD-28752607AF7D}.AppStore|Any CPU.ActiveCfg = AppStore|iPhone
		{6143C859-B021-4ECD-A0CD-28752607AF7D}.AppStore|ARM.ActiveCfg = AppStore|iPhone
		{6143C859-B021-4ECD-A0CD-28752607AF7D}.AppStore|iPhone.ActiveCfg = AppStore|iPhone
		{6143C859-B021-4ECD-A0CD-28752607AF7D}.AppStore|iPhone.Build.0 = AppStore|iPhone
		{6143C859-B021-4ECD-A0CD-28752607AF7D}.AppStore|iPhoneSimulator.ActiveCfg = AppStore|iPhoneSimulator
		{6143C859-B021-4ECD-A0CD-28752607AF7D}.AppStore|iPhoneSimulator.Build.0 = AppStore|iPhoneSimulator
		{6143C859-B021-4ECD-A0CD-28752607AF7D}.AppStore|x64.ActiveCfg = AppStore|iPhone
		{6143C859-B021-4ECD-A0CD-28752607AF7D}.AppStore|x86.ActiveCfg = AppStore|iPhone
		{6143C859-B021-4ECD-A0CD-28752607AF7D}.Debug|Any CPU.ActiveCfg = Debug|iPhone
		{6143C859-B021-4ECD-A0CD-28752607AF7D}.Debug|ARM.ActiveCfg = Debug|iPhone
		{6143C859-B021-4ECD-A0CD-28752607AF7D}.Debug|iPhone.ActiveCfg = Debug|iPhone
		{6143C859-B021-4ECD-A0CD-28752607AF7D}.Debug|iPhone.Build.0 = Debug|iPhone
		{6143C859-B021-4ECD-A0CD-28752607AF7D}.Debug|iPhoneSimulator.ActiveCfg = Debug|iPhoneSimulator
		{6143C859-B021-4ECD-A0CD-28752607AF7D}.Debug|iPhoneSimulator.Build.0 = Debug|iPhoneSimulator
		{6143C859-B021-4ECD-A0CD-28752607AF7D}.Debug|x64.ActiveCfg = Debug|iPhone
		{6143C859-B021-4ECD-A0CD-28752607AF7D}.Debug|x86.ActiveCfg = Debug|iPhone
		{6143C859-B021-4ECD-A0CD-28752607AF7D}.Release|Any CPU.ActiveCfg = Release|iPhone
		{6143C859-B021-4ECD-A0CD-28752607AF7D}.Release|ARM.ActiveCfg = Release|iPhone
		{6143C859-B021-4ECD-A0CD-28752607AF7D}.Release|iPhone.ActiveCfg = Release|iPhone
		{6143C859-B021-4ECD-A0CD-28752607AF7D}.Release|iPhone.Build.0 = Release|iPhone
		{6143C859-B021-4ECD-A0CD-28752607AF7D}.Release|iPhoneSimulator.ActiveCfg = Release|iPhoneSimulator
		{6143C859-B021-4ECD-A0CD-28752607AF7D}.Release|iPhoneSimulator.Build.0 = Release|iPhoneSimulator
		{6143C859-B021-4ECD-A0CD-28752607AF7D}.Release|x64.ActiveCfg = Release|iPhone
		{6143C859-B021-4ECD-A0CD-28752607AF7D}.Release|x86.ActiveCfg = Release|iPhone
		{25E0D826-58FC-4BEE-8143-B84563F1F6C2}.Ad-Hoc|Any CPU.ActiveCfg = Release|x86
		{25E0D826-58FC-4BEE-8143-B84563F1F6C2}.Ad-Hoc|Any CPU.Build.0 = Release|x86
		{25E0D826-58FC-4BEE-8143-B84563F1F6C2}.Ad-Hoc|Any CPU.Deploy.0 = Release|x86
		{25E0D826-58FC-4BEE-8143-B84563F1F6C2}.Ad-Hoc|ARM.ActiveCfg = Release|ARM
		{25E0D826-58FC-4BEE-8143-B84563F1F6C2}.Ad-Hoc|ARM.Build.0 = Release|ARM
		{25E0D826-58FC-4BEE-8143-B84563F1F6C2}.Ad-Hoc|ARM.Deploy.0 = Release|ARM
		{25E0D826-58FC-4BEE-8143-B84563F1F6C2}.Ad-Hoc|iPhone.ActiveCfg = Release|x86
		{25E0D826-58FC-4BEE-8143-B84563F1F6C2}.Ad-Hoc|iPhone.Build.0 = Release|x86
		{25E0D826-58FC-4BEE-8143-B84563F1F6C2}.Ad-Hoc|iPhone.Deploy.0 = Release|x86
		{25E0D826-58FC-4BEE-8143-B84563F1F6C2}.Ad-Hoc|iPhoneSimulator.ActiveCfg = Release|x86
		{25E0D826-58FC-4BEE-8143-B84563F1F6C2}.Ad-Hoc|iPhoneSimulator.Build.0 = Release|x86
		{25E0D826-58FC-4BEE-8143-B84563F1F6C2}.Ad-Hoc|iPhoneSimulator.Deploy.0 = Release|x86
		{25E0D826-58FC-4BEE-8143-B84563F1F6C2}.Ad-Hoc|x64.ActiveCfg = Release|x64
		{25E0D826-58FC-4BEE-8143-B84563F1F6C2}.Ad-Hoc|x64.Build.0 = Release|x64
		{25E0D826-58FC-4BEE-8143-B84563F1F6C2}.Ad-Hoc|x64.Deploy.0 = Release|x64
		{25E0D826-58FC-4BEE-8143-B84563F1F6C2}.Ad-Hoc|x86.ActiveCfg = Release|x86
		{25E0D826-58FC-4BEE-8143-B84563F1F6C2}.Ad-Hoc|x86.Build.0 = Release|x86
		{25E0D826-58FC-4BEE-8143-B84563F1F6C2}.Ad-Hoc|x86.Deploy.0 = Release|x86
		{25E0D826-58FC-4BEE-8143-B84563F1F6C2}.AppStore|Any CPU.ActiveCfg = Release|x86
		{25E0D826-58FC-4BEE-8143-B84563F1F6C2}.AppStore|Any CPU.Build.0 = Release|x86
		{25E0D826-58FC-4BEE-8143-B84563F1F6C2}.AppStore|Any CPU.Deploy.0 = Release|x86
		{25E0D826-58FC-4BEE-8143-B84563F1F6C2}.AppStore|ARM.ActiveCfg = Release|ARM
		{25E0D826-58FC-4BEE-8143-B84563F1F6C2}.AppStore|ARM.Build.0 = Release|ARM
		{25E0D826-58FC-4BEE-8143-B84563F1F6C2}.AppStore|ARM.Deploy.0 = Release|ARM
		{25E0D826-58FC-4BEE-8143-B84563F1F6C2}.AppStore|iPhone.ActiveCfg = Release|x86
		{25E0D826-58FC-4BEE-8143-B84563F1F6C2}.AppStore|iPhone.Build.0 = Release|x86
		{25E0D826-58FC-4BEE-8143-B84563F1F6C2}.AppStore|iPhone.Deploy.0 = Release|x86
		{25E0D826-58FC-4BEE-8143-B84563F1F6C2}.AppStore|iPhoneSimulator.ActiveCfg = Release|x86
		{25E0D826-58FC-4BEE-8143-B84563F1F6C2}.AppStore|iPhoneSimulator.Build.0 = Release|x86
		{25E0D826-58FC-4BEE-8143-B84563F1F6C2}.AppStore|iPhoneSimulator.Deploy.0 = Release|x86
		{25E0D826-58FC-4BEE-8143-B84563F1F6C2}.AppStore|x64.ActiveCfg = Release|x64
		{25E0D826-58FC-4BEE-8143-B84563F1F6C2}.AppStore|x64.Build.0 = Release|x64
		{25E0D826-58FC-4BEE-8143-B84563F1F6C2}.AppStore|x64.Deploy.0 = Release|x64
		{25E0D826-58FC-4BEE-8143-B84563F1F6C2}.AppStore|x86.ActiveCfg = Release|x86
		{25E0D826-58FC-4BEE-8143-B84563F1F6C2}.AppStore|x86.Build.0 = Release|x86
		{25E0D826-58FC-4BEE-8143-B84563F1F6C2}.AppStore|x86.Deploy.0 = Release|x86
		{25E0D826-58FC-4BEE-8143-B84563F1F6C2}.Debug|Any CPU.ActiveCfg = Debug|x86
		{25E0D826-58FC-4BEE-8143-B84563F1F6C2}.Debug|ARM.ActiveCfg = Debug|ARM
		{25E0D826-58FC-4BEE-8143-B84563F1F6C2}.Debug|ARM.Build.0 = Debug|ARM
		{25E0D826-58FC-4BEE-8143-B84563F1F6C2}.Debug|ARM.Deploy.0 = Debug|ARM
		{25E0D826-58FC-4BEE-8143-B84563F1F6C2}.Debug|iPhone.ActiveCfg = Debug|x86
		{25E0D826-58FC-4BEE-8143-B84563F1F6C2}.Debug|iPhoneSimulator.ActiveCfg = Debug|x86
		{25E0D826-58FC-4BEE-8143-B84563F1F6C2}.Debug|x64.ActiveCfg = Debug|x64
		{25E0D826-58FC-4BEE-8143-B84563F1F6C2}.Debug|x64.Build.0 = Debug|x64
		{25E0D826-58FC-4BEE-8143-B84563F1F6C2}.Debug|x64.Deploy.0 = Debug|x64
		{25E0D826-58FC-4BEE-8143-B84563F1F6C2}.Debug|x86.ActiveCfg = Debug|x86
		{25E0D826-58FC-4BEE-8143-B84563F1F6C2}.Debug|x86.Build.0 = Debug|x86
		{25E0D826-58FC-4BEE-8143-B84563F1F6C2}.Debug|x86.Deploy.0 = Debug|x86
		{25E0D826-58FC-4BEE-8143-B84563F1F6C2}.Release|Any CPU.ActiveCfg = Release|x86
		{25E0D826-58FC-4BEE-8143-B84563F1F6C2}.Release|ARM.ActiveCfg = Release|ARM
		{25E0D826-58FC-4BEE-8143-B84563F1F6C2}.Release|ARM.Build.0 = Release|ARM
		{25E0D826-58FC-4BEE-8143-B84563F1F6C2}.Release|ARM.Deploy.0 = Release|ARM
		{25E0D826-58FC-4BEE-8143-B84563F1F6C2}.Release|iPhone.ActiveCfg = Release|x86
		{25E0D826-58FC-4BEE-8143-B84563F1F6C2}.Release|iPhoneSimulator.ActiveCfg = Release|x86
		{25E0D826-58FC-4BEE-8143-B84563F1F6C2}.Release|x64.ActiveCfg = Release|x64
		{25E0D826-58FC-4BEE-8143-B84563F1F6C2}.Release|x64.Build.0 = Release|x64
		{25E0D826-58FC-4BEE-8143-B84563F1F6C2}.Release|x64.Deploy.0 = Release|x64
		{25E0D826-58FC-4BEE-8143-B84563F1F6C2}.Release|x86.ActiveCfg = Release|x86
		{25E0D826-58FC-4BEE-8143-B84563F1F6C2}.Release|x86.Build.0 = Release|x86
		{25E0D826-58FC-4BEE-8143-B84563F1F6C2}.Release|x86.Deploy.0 = Release|x86
		{30E35E67-DB7A-4D81-84A0-6FF95325D3F7}.Ad-Hoc|Any CPU.ActiveCfg = Debug|Any CPU
		{30E35E67-DB7A-4D81-84A0-6FF95325D3F7}.Ad-Hoc|Any CPU.Build.0 = Debug|Any CPU
		{30E35E67-DB7A-4D81-84A0-6FF95325D3F7}.Ad-Hoc|ARM.ActiveCfg = Debug|Any CPU
		{30E35E67-DB7A-4D81-84A0-6FF95325D3F7}.Ad-Hoc|ARM.Build.0 = Debug|Any CPU
		{30E35E67-DB7A-4D81-84A0-6FF95325D3F7}.Ad-Hoc|iPhone.ActiveCfg = Debug|Any CPU
		{30E35E67-DB7A-4D81-84A0-6FF95325D3F7}.Ad-Hoc|iPhone.Build.0 = Debug|Any CPU
		{30E35E67-DB7A-4D81-84A0-6FF95325D3F7}.Ad-Hoc|iPhoneSimulator.ActiveCfg = Debug|Any CPU
		{30E35E67-DB7A-4D81-84A0-6FF95325D3F7}.Ad-Hoc|iPhoneSimulator.Build.0 = Debug|Any CPU
		{30E35E67-DB7A-4D81-84A0-6FF95325D3F7}.Ad-Hoc|x64.ActiveCfg = Debug|Any CPU
		{30E35E67-DB7A-4D81-84A0-6FF95325D3F7}.Ad-Hoc|x64.Build.0 = Debug|Any CPU
		{30E35E67-DB7A-4D81-84A0-6FF95325D3F7}.Ad-Hoc|x86.ActiveCfg = Debug|Any CPU
		{30E35E67-DB7A-4D81-84A0-6FF95325D3F7}.Ad-Hoc|x86.Build.0 = Debug|Any CPU
		{30E35E67-DB7A-4D81-84A0-6FF95325D3F7}.AppStore|Any CPU.ActiveCfg = Debug|Any CPU
		{30E35E67-DB7A-4D81-84A0-6FF95325D3F7}.AppStore|Any CPU.Build.0 = Debug|Any CPU
		{30E35E67-DB7A-4D81-84A0-6FF95325D3F7}.AppStore|ARM.ActiveCfg = Debug|Any CPU
		{30E35E67-DB7A-4D81-84A0-6FF95325D3F7}.AppStore|ARM.Build.0 = Debug|Any CPU
		{30E35E67-DB7A-4D81-84A0-6FF95325D3F7}.AppStore|iPhone.ActiveCfg = Debug|Any CPU
		{30E35E67-DB7A-4D81-84A0-6FF95325D3F7}.AppStore|iPhone.Build.0 = Debug|Any CPU
		{30E35E67-DB7A-4D81-84A0-6FF95325D3F7}.AppStore|iPhoneSimulator.ActiveCfg = Debug|Any CPU
		{30E35E67-DB7A-4D81-84A0-6FF95325D3F7}.AppStore|iPhoneSimulator.Build.0 = Debug|Any CPU
		{30E35E67-DB7A-4D81-84A0-6FF95325D3F7}.AppStore|x64.ActiveCfg = Debug|Any CPU
		{30E35E67-DB7A-4D81-84A0-6FF95325D3F7}.AppStore|x64.Build.0 = Debug|Any CPU
		{30E35E67-DB7A-4D81-84A0-6FF95325D3F7}.AppStore|x86.ActiveCfg = Debug|Any CPU
		{30E35E67-DB7A-4D81-84A0-6FF95325D3F7}.AppStore|x86.Build.0 = Debug|Any CPU
		{30E35E67-DB7A-4D81-84A0-6FF95325D3F7}.Debug|Any CPU.ActiveCfg = Debug|Any CPU
		{30E35E67-DB7A-4D81-84A0-6FF95325D3F7}.Debug|Any CPU.Build.0 = Debug|Any CPU
		{30E35E67-DB7A-4D81-84A0-6FF95325D3F7}.Debug|ARM.ActiveCfg = Debug|Any CPU
		{30E35E67-DB7A-4D81-84A0-6FF95325D3F7}.Debug|ARM.Build.0 = Debug|Any CPU
		{30E35E67-DB7A-4D81-84A0-6FF95325D3F7}.Debug|iPhone.ActiveCfg = Debug|Any CPU
		{30E35E67-DB7A-4D81-84A0-6FF95325D3F7}.Debug|iPhone.Build.0 = Debug|Any CPU
		{30E35E67-DB7A-4D81-84A0-6FF95325D3F7}.Debug|iPhoneSimulator.ActiveCfg = Debug|Any CPU
		{30E35E67-DB7A-4D81-84A0-6FF95325D3F7}.Debug|iPhoneSimulator.Build.0 = Debug|Any CPU
		{30E35E67-DB7A-4D81-84A0-6FF95325D3F7}.Debug|x64.ActiveCfg = Debug|Any CPU
		{30E35E67-DB7A-4D81-84A0-6FF95325D3F7}.Debug|x64.Build.0 = Debug|Any CPU
		{30E35E67-DB7A-4D81-84A0-6FF95325D3F7}.Debug|x86.ActiveCfg = Debug|Any CPU
		{30E35E67-DB7A-4D81-84A0-6FF95325D3F7}.Debug|x86.Build.0 = Debug|Any CPU
		{30E35E67-DB7A-4D81-84A0-6FF95325D3F7}.Release|Any CPU.ActiveCfg = Release|Any CPU
		{30E35E67-DB7A-4D81-84A0-6FF95325D3F7}.Release|Any CPU.Build.0 = Release|Any CPU
		{30E35E67-DB7A-4D81-84A0-6FF95325D3F7}.Release|ARM.ActiveCfg = Release|Any CPU
		{30E35E67-DB7A-4D81-84A0-6FF95325D3F7}.Release|ARM.Build.0 = Release|Any CPU
		{30E35E67-DB7A-4D81-84A0-6FF95325D3F7}.Release|iPhone.ActiveCfg = Release|Any CPU
		{30E35E67-DB7A-4D81-84A0-6FF95325D3F7}.Release|iPhone.Build.0 = Release|Any CPU
		{30E35E67-DB7A-4D81-84A0-6FF95325D3F7}.Release|iPhoneSimulator.ActiveCfg = Release|Any CPU
		{30E35E67-DB7A-4D81-84A0-6FF95325D3F7}.Release|iPhoneSimulator.Build.0 = Release|Any CPU
		{30E35E67-DB7A-4D81-84A0-6FF95325D3F7}.Release|x64.ActiveCfg = Release|Any CPU
		{30E35E67-DB7A-4D81-84A0-6FF95325D3F7}.Release|x64.Build.0 = Release|Any CPU
		{30E35E67-DB7A-4D81-84A0-6FF95325D3F7}.Release|x86.ActiveCfg = Release|Any CPU
		{30E35E67-DB7A-4D81-84A0-6FF95325D3F7}.Release|x86.Build.0 = Release|Any CPU
		{1D8B4D66-5E93-4069-9D8C-21CDDA3AE168}.Ad-Hoc|Any CPU.ActiveCfg = Debug|Any CPU
		{1D8B4D66-5E93-4069-9D8C-21CDDA3AE168}.Ad-Hoc|Any CPU.Build.0 = Debug|Any CPU
		{1D8B4D66-5E93-4069-9D8C-21CDDA3AE168}.Ad-Hoc|ARM.ActiveCfg = Debug|Any CPU
		{1D8B4D66-5E93-4069-9D8C-21CDDA3AE168}.Ad-Hoc|ARM.Build.0 = Debug|Any CPU
		{1D8B4D66-5E93-4069-9D8C-21CDDA3AE168}.Ad-Hoc|iPhone.ActiveCfg = Debug|Any CPU
		{1D8B4D66-5E93-4069-9D8C-21CDDA3AE168}.Ad-Hoc|iPhone.Build.0 = Debug|Any CPU
		{1D8B4D66-5E93-4069-9D8C-21CDDA3AE168}.Ad-Hoc|iPhoneSimulator.ActiveCfg = Debug|Any CPU
		{1D8B4D66-5E93-4069-9D8C-21CDDA3AE168}.Ad-Hoc|iPhoneSimulator.Build.0 = Debug|Any CPU
		{1D8B4D66-5E93-4069-9D8C-21CDDA3AE168}.Ad-Hoc|x64.ActiveCfg = Debug|Any CPU
		{1D8B4D66-5E93-4069-9D8C-21CDDA3AE168}.Ad-Hoc|x64.Build.0 = Debug|Any CPU
		{1D8B4D66-5E93-4069-9D8C-21CDDA3AE168}.Ad-Hoc|x86.ActiveCfg = Debug|Any CPU
		{1D8B4D66-5E93-4069-9D8C-21CDDA3AE168}.Ad-Hoc|x86.Build.0 = Debug|Any CPU
		{1D8B4D66-5E93-4069-9D8C-21CDDA3AE168}.AppStore|Any CPU.ActiveCfg = Debug|Any CPU
		{1D8B4D66-5E93-4069-9D8C-21CDDA3AE168}.AppStore|Any CPU.Build.0 = Debug|Any CPU
		{1D8B4D66-5E93-4069-9D8C-21CDDA3AE168}.AppStore|ARM.ActiveCfg = Debug|Any CPU
		{1D8B4D66-5E93-4069-9D8C-21CDDA3AE168}.AppStore|ARM.Build.0 = Debug|Any CPU
		{1D8B4D66-5E93-4069-9D8C-21CDDA3AE168}.AppStore|iPhone.ActiveCfg = Debug|Any CPU
		{1D8B4D66-5E93-4069-9D8C-21CDDA3AE168}.AppStore|iPhone.Build.0 = Debug|Any CPU
		{1D8B4D66-5E93-4069-9D8C-21CDDA3AE168}.AppStore|iPhoneSimulator.ActiveCfg = Debug|Any CPU
		{1D8B4D66-5E93-4069-9D8C-21CDDA3AE168}.AppStore|iPhoneSimulator.Build.0 = Debug|Any CPU
		{1D8B4D66-5E93-4069-9D8C-21CDDA3AE168}.AppStore|x64.ActiveCfg = Debug|Any CPU
		{1D8B4D66-5E93-4069-9D8C-21CDDA3AE168}.AppStore|x64.Build.0 = Debug|Any CPU
		{1D8B4D66-5E93-4069-9D8C-21CDDA3AE168}.AppStore|x86.ActiveCfg = Debug|Any CPU
		{1D8B4D66-5E93-4069-9D8C-21CDDA3AE168}.AppStore|x86.Build.0 = Debug|Any CPU
		{1D8B4D66-5E93-4069-9D8C-21CDDA3AE168}.Debug|Any CPU.ActiveCfg = Debug|Any CPU
		{1D8B4D66-5E93-4069-9D8C-21CDDA3AE168}.Debug|Any CPU.Build.0 = Debug|Any CPU
		{1D8B4D66-5E93-4069-9D8C-21CDDA3AE168}.Debug|ARM.ActiveCfg = Debug|Any CPU
		{1D8B4D66-5E93-4069-9D8C-21CDDA3AE168}.Debug|ARM.Build.0 = Debug|Any CPU
		{1D8B4D66-5E93-4069-9D8C-21CDDA3AE168}.Debug|iPhone.ActiveCfg = Debug|Any CPU
		{1D8B4D66-5E93-4069-9D8C-21CDDA3AE168}.Debug|iPhone.Build.0 = Debug|Any CPU
		{1D8B4D66-5E93-4069-9D8C-21CDDA3AE168}.Debug|iPhoneSimulator.ActiveCfg = Debug|Any CPU
		{1D8B4D66-5E93-4069-9D8C-21CDDA3AE168}.Debug|iPhoneSimulator.Build.0 = Debug|Any CPU
		{1D8B4D66-5E93-4069-9D8C-21CDDA3AE168}.Debug|x64.ActiveCfg = Debug|Any CPU
		{1D8B4D66-5E93-4069-9D8C-21CDDA3AE168}.Debug|x64.Build.0 = Debug|Any CPU
		{1D8B4D66-5E93-4069-9D8C-21CDDA3AE168}.Debug|x86.ActiveCfg = Debug|Any CPU
		{1D8B4D66-5E93-4069-9D8C-21CDDA3AE168}.Debug|x86.Build.0 = Debug|Any CPU
		{1D8B4D66-5E93-4069-9D8C-21CDDA3AE168}.Release|Any CPU.ActiveCfg = Release|Any CPU
		{1D8B4D66-5E93-4069-9D8C-21CDDA3AE168}.Release|Any CPU.Build.0 = Release|Any CPU
		{1D8B4D66-5E93-4069-9D8C-21CDDA3AE168}.Release|ARM.ActiveCfg = Release|Any CPU
		{1D8B4D66-5E93-4069-9D8C-21CDDA3AE168}.Release|ARM.Build.0 = Release|Any CPU
		{1D8B4D66-5E93-4069-9D8C-21CDDA3AE168}.Release|iPhone.ActiveCfg = Release|Any CPU
		{1D8B4D66-5E93-4069-9D8C-21CDDA3AE168}.Release|iPhone.Build.0 = Release|Any CPU
		{1D8B4D66-5E93-4069-9D8C-21CDDA3AE168}.Release|iPhoneSimulator.ActiveCfg = Release|Any CPU
		{1D8B4D66-5E93-4069-9D8C-21CDDA3AE168}.Release|iPhoneSimulator.Build.0 = Release|Any CPU
		{1D8B4D66-5E93-4069-9D8C-21CDDA3AE168}.Release|x64.ActiveCfg = Release|Any CPU
		{1D8B4D66-5E93-4069-9D8C-21CDDA3AE168}.Release|x64.Build.0 = Release|Any CPU
		{1D8B4D66-5E93-4069-9D8C-21CDDA3AE168}.Release|x86.ActiveCfg = Release|Any CPU
		{1D8B4D66-5E93-4069-9D8C-21CDDA3AE168}.Release|x86.Build.0 = Release|Any CPU
		{C9039A57-661F-430C-8F6D-2156F6906ADB}.Ad-Hoc|Any CPU.ActiveCfg = Debug|Any CPU
		{C9039A57-661F-430C-8F6D-2156F6906ADB}.Ad-Hoc|Any CPU.Build.0 = Debug|Any CPU
		{C9039A57-661F-430C-8F6D-2156F6906ADB}.Ad-Hoc|ARM.ActiveCfg = Debug|Any CPU
		{C9039A57-661F-430C-8F6D-2156F6906ADB}.Ad-Hoc|ARM.Build.0 = Debug|Any CPU
		{C9039A57-661F-430C-8F6D-2156F6906ADB}.Ad-Hoc|iPhone.ActiveCfg = Debug|Any CPU
		{C9039A57-661F-430C-8F6D-2156F6906ADB}.Ad-Hoc|iPhone.Build.0 = Debug|Any CPU
		{C9039A57-661F-430C-8F6D-2156F6906ADB}.Ad-Hoc|iPhoneSimulator.ActiveCfg = Debug|Any CPU
		{C9039A57-661F-430C-8F6D-2156F6906ADB}.Ad-Hoc|iPhoneSimulator.Build.0 = Debug|Any CPU
		{C9039A57-661F-430C-8F6D-2156F6906ADB}.Ad-Hoc|x64.ActiveCfg = Debug|Any CPU
		{C9039A57-661F-430C-8F6D-2156F6906ADB}.Ad-Hoc|x64.Build.0 = Debug|Any CPU
		{C9039A57-661F-430C-8F6D-2156F6906ADB}.Ad-Hoc|x86.ActiveCfg = Debug|Any CPU
		{C9039A57-661F-430C-8F6D-2156F6906ADB}.Ad-Hoc|x86.Build.0 = Debug|Any CPU
		{C9039A57-661F-430C-8F6D-2156F6906ADB}.AppStore|Any CPU.ActiveCfg = Debug|Any CPU
		{C9039A57-661F-430C-8F6D-2156F6906ADB}.AppStore|Any CPU.Build.0 = Debug|Any CPU
		{C9039A57-661F-430C-8F6D-2156F6906ADB}.AppStore|ARM.ActiveCfg = Debug|Any CPU
		{C9039A57-661F-430C-8F6D-2156F6906ADB}.AppStore|ARM.Build.0 = Debug|Any CPU
		{C9039A57-661F-430C-8F6D-2156F6906ADB}.AppStore|iPhone.ActiveCfg = Debug|Any CPU
		{C9039A57-661F-430C-8F6D-2156F6906ADB}.AppStore|iPhone.Build.0 = Debug|Any CPU
		{C9039A57-661F-430C-8F6D-2156F6906ADB}.AppStore|iPhoneSimulator.ActiveCfg = Debug|Any CPU
		{C9039A57-661F-430C-8F6D-2156F6906ADB}.AppStore|iPhoneSimulator.Build.0 = Debug|Any CPU
		{C9039A57-661F-430C-8F6D-2156F6906ADB}.AppStore|x64.ActiveCfg = Debug|Any CPU
		{C9039A57-661F-430C-8F6D-2156F6906ADB}.AppStore|x64.Build.0 = Debug|Any CPU
		{C9039A57-661F-430C-8F6D-2156F6906ADB}.AppStore|x86.ActiveCfg = Debug|Any CPU
		{C9039A57-661F-430C-8F6D-2156F6906ADB}.AppStore|x86.Build.0 = Debug|Any CPU
		{C9039A57-661F-430C-8F6D-2156F6906ADB}.Debug|Any CPU.ActiveCfg = Debug|Any CPU
		{C9039A57-661F-430C-8F6D-2156F6906ADB}.Debug|Any CPU.Build.0 = Debug|Any CPU
		{C9039A57-661F-430C-8F6D-2156F6906ADB}.Debug|ARM.ActiveCfg = Debug|Any CPU
		{C9039A57-661F-430C-8F6D-2156F6906ADB}.Debug|ARM.Build.0 = Debug|Any CPU
		{C9039A57-661F-430C-8F6D-2156F6906ADB}.Debug|iPhone.ActiveCfg = Debug|Any CPU
		{C9039A57-661F-430C-8F6D-2156F6906ADB}.Debug|iPhone.Build.0 = Debug|Any CPU
		{C9039A57-661F-430C-8F6D-2156F6906ADB}.Debug|iPhoneSimulator.ActiveCfg = Debug|Any CPU
		{C9039A57-661F-430C-8F6D-2156F6906ADB}.Debug|iPhoneSimulator.Build.0 = Debug|Any CPU
		{C9039A57-661F-430C-8F6D-2156F6906ADB}.Debug|x64.ActiveCfg = Debug|Any CPU
		{C9039A57-661F-430C-8F6D-2156F6906ADB}.Debug|x64.Build.0 = Debug|Any CPU
		{C9039A57-661F-430C-8F6D-2156F6906ADB}.Debug|x86.ActiveCfg = Debug|Any CPU
		{C9039A57-661F-430C-8F6D-2156F6906ADB}.Debug|x86.Build.0 = Debug|Any CPU
		{C9039A57-661F-430C-8F6D-2156F6906ADB}.Release|Any CPU.ActiveCfg = Release|Any CPU
		{C9039A57-661F-430C-8F6D-2156F6906ADB}.Release|Any CPU.Build.0 = Release|Any CPU
		{C9039A57-661F-430C-8F6D-2156F6906ADB}.Release|ARM.ActiveCfg = Release|Any CPU
		{C9039A57-661F-430C-8F6D-2156F6906ADB}.Release|ARM.Build.0 = Release|Any CPU
		{C9039A57-661F-430C-8F6D-2156F6906ADB}.Release|iPhone.ActiveCfg = Release|Any CPU
		{C9039A57-661F-430C-8F6D-2156F6906ADB}.Release|iPhone.Build.0 = Release|Any CPU
		{C9039A57-661F-430C-8F6D-2156F6906ADB}.Release|iPhoneSimulator.ActiveCfg = Release|Any CPU
		{C9039A57-661F-430C-8F6D-2156F6906ADB}.Release|iPhoneSimulator.Build.0 = Release|Any CPU
		{C9039A57-661F-430C-8F6D-2156F6906ADB}.Release|x64.ActiveCfg = Release|Any CPU
		{C9039A57-661F-430C-8F6D-2156F6906ADB}.Release|x64.Build.0 = Release|Any CPU
		{C9039A57-661F-430C-8F6D-2156F6906ADB}.Release|x86.ActiveCfg = Release|Any CPU
		{C9039A57-661F-430C-8F6D-2156F6906ADB}.Release|x86.Build.0 = Release|Any CPU
		{6ADAA382-155D-4F74-98AA-1E0B9BE2A027}.Ad-Hoc|Any CPU.ActiveCfg = Debug|Any CPU
		{6ADAA382-155D-4F74-98AA-1E0B9BE2A027}.Ad-Hoc|Any CPU.Build.0 = Debug|Any CPU
		{6ADAA382-155D-4F74-98AA-1E0B9BE2A027}.Ad-Hoc|ARM.ActiveCfg = Debug|Any CPU
		{6ADAA382-155D-4F74-98AA-1E0B9BE2A027}.Ad-Hoc|ARM.Build.0 = Debug|Any CPU
		{6ADAA382-155D-4F74-98AA-1E0B9BE2A027}.Ad-Hoc|iPhone.ActiveCfg = Debug|Any CPU
		{6ADAA382-155D-4F74-98AA-1E0B9BE2A027}.Ad-Hoc|iPhone.Build.0 = Debug|Any CPU
		{6ADAA382-155D-4F74-98AA-1E0B9BE2A027}.Ad-Hoc|iPhoneSimulator.ActiveCfg = Debug|Any CPU
		{6ADAA382-155D-4F74-98AA-1E0B9BE2A027}.Ad-Hoc|iPhoneSimulator.Build.0 = Debug|Any CPU
		{6ADAA382-155D-4F74-98AA-1E0B9BE2A027}.Ad-Hoc|x64.ActiveCfg = Debug|Any CPU
		{6ADAA382-155D-4F74-98AA-1E0B9BE2A027}.Ad-Hoc|x64.Build.0 = Debug|Any CPU
		{6ADAA382-155D-4F74-98AA-1E0B9BE2A027}.Ad-Hoc|x86.ActiveCfg = Debug|Any CPU
		{6ADAA382-155D-4F74-98AA-1E0B9BE2A027}.Ad-Hoc|x86.Build.0 = Debug|Any CPU
		{6ADAA382-155D-4F74-98AA-1E0B9BE2A027}.AppStore|Any CPU.ActiveCfg = Debug|Any CPU
		{6ADAA382-155D-4F74-98AA-1E0B9BE2A027}.AppStore|Any CPU.Build.0 = Debug|Any CPU
		{6ADAA382-155D-4F74-98AA-1E0B9BE2A027}.AppStore|ARM.ActiveCfg = Debug|Any CPU
		{6ADAA382-155D-4F74-98AA-1E0B9BE2A027}.AppStore|ARM.Build.0 = Debug|Any CPU
		{6ADAA382-155D-4F74-98AA-1E0B9BE2A027}.AppStore|iPhone.ActiveCfg = Debug|Any CPU
		{6ADAA382-155D-4F74-98AA-1E0B9BE2A027}.AppStore|iPhone.Build.0 = Debug|Any CPU
		{6ADAA382-155D-4F74-98AA-1E0B9BE2A027}.AppStore|iPhoneSimulator.ActiveCfg = Debug|Any CPU
		{6ADAA382-155D-4F74-98AA-1E0B9BE2A027}.AppStore|iPhoneSimulator.Build.0 = Debug|Any CPU
		{6ADAA382-155D-4F74-98AA-1E0B9BE2A027}.AppStore|x64.ActiveCfg = Debug|Any CPU
		{6ADAA382-155D-4F74-98AA-1E0B9BE2A027}.AppStore|x64.Build.0 = Debug|Any CPU
		{6ADAA382-155D-4F74-98AA-1E0B9BE2A027}.AppStore|x86.ActiveCfg = Debug|Any CPU
		{6ADAA382-155D-4F74-98AA-1E0B9BE2A027}.AppStore|x86.Build.0 = Debug|Any CPU
		{6ADAA382-155D-4F74-98AA-1E0B9BE2A027}.Debug|Any CPU.ActiveCfg = Debug|Any CPU
		{6ADAA382-155D-4F74-98AA-1E0B9BE2A027}.Debug|Any CPU.Build.0 = Debug|Any CPU
		{6ADAA382-155D-4F74-98AA-1E0B9BE2A027}.Debug|ARM.ActiveCfg = Debug|Any CPU
		{6ADAA382-155D-4F74-98AA-1E0B9BE2A027}.Debug|ARM.Build.0 = Debug|Any CPU
		{6ADAA382-155D-4F74-98AA-1E0B9BE2A027}.Debug|iPhone.ActiveCfg = Debug|Any CPU
		{6ADAA382-155D-4F74-98AA-1E0B9BE2A027}.Debug|iPhone.Build.0 = Debug|Any CPU
		{6ADAA382-155D-4F74-98AA-1E0B9BE2A027}.Debug|iPhoneSimulator.ActiveCfg = Debug|Any CPU
		{6ADAA382-155D-4F74-98AA-1E0B9BE2A027}.Debug|iPhoneSimulator.Build.0 = Debug|Any CPU
		{6ADAA382-155D-4F74-98AA-1E0B9BE2A027}.Debug|x64.ActiveCfg = Debug|Any CPU
		{6ADAA382-155D-4F74-98AA-1E0B9BE2A027}.Debug|x64.Build.0 = Debug|Any CPU
		{6ADAA382-155D-4F74-98AA-1E0B9BE2A027}.Debug|x86.ActiveCfg = Debug|Any CPU
		{6ADAA382-155D-4F74-98AA-1E0B9BE2A027}.Debug|x86.Build.0 = Debug|Any CPU
		{6ADAA382-155D-4F74-98AA-1E0B9BE2A027}.Release|Any CPU.ActiveCfg = Release|Any CPU
		{6ADAA382-155D-4F74-98AA-1E0B9BE2A027}.Release|Any CPU.Build.0 = Release|Any CPU
		{6ADAA382-155D-4F74-98AA-1E0B9BE2A027}.Release|ARM.ActiveCfg = Release|Any CPU
		{6ADAA382-155D-4F74-98AA-1E0B9BE2A027}.Release|ARM.Build.0 = Release|Any CPU
		{6ADAA382-155D-4F74-98AA-1E0B9BE2A027}.Release|iPhone.ActiveCfg = Release|Any CPU
		{6ADAA382-155D-4F74-98AA-1E0B9BE2A027}.Release|iPhone.Build.0 = Release|Any CPU
		{6ADAA382-155D-4F74-98AA-1E0B9BE2A027}.Release|iPhoneSimulator.ActiveCfg = Release|Any CPU
		{6ADAA382-155D-4F74-98AA-1E0B9BE2A027}.Release|iPhoneSimulator.Build.0 = Release|Any CPU
		{6ADAA382-155D-4F74-98AA-1E0B9BE2A027}.Release|x64.ActiveCfg = Release|Any CPU
		{6ADAA382-155D-4F74-98AA-1E0B9BE2A027}.Release|x64.Build.0 = Release|Any CPU
		{6ADAA382-155D-4F74-98AA-1E0B9BE2A027}.Release|x86.ActiveCfg = Release|Any CPU
		{6ADAA382-155D-4F74-98AA-1E0B9BE2A027}.Release|x86.Build.0 = Release|Any CPU
	EndGlobalSection
	GlobalSection(SolutionProperties) = preSolution
		HideSolutionNode = FALSE
	EndGlobalSection
	GlobalSection(NestedProjects) = preSolution
		{6ADAA382-155D-4F74-98AA-1E0B9BE2A027} = {DE90BFBD-D261-4178-A486-2AAAAE779D8B}
	EndGlobalSection
	GlobalSection(ExtensibilityGlobals) = postSolution
		SolutionGuid = {E3A7E45A-F352-422B-AB23-76FBF4E23679}
	EndGlobalSection
EndGlobal
